github.com/gobwas/httphead v0.0.0-20200921212729-da3d93bc3c58 h1:YyrUZvJaU8Q0QsoVo+xLFBgWDTam29PKea6GYmwvSiQ=
github.com/gobwas/httphead v0.0.0-20200921212729-da3d93bc3c58/go.mod h1:L0fX3K22YWvt/FAX9NnzrNzcI4wNYi9Yku4O0LKYflo=
github.com/gobwas/pool v0.2.1 h1:xfeeEhW7pwmX8nuLVlqbzVc7udMDrwetjEv+TZIz1og=
github.com/gobwas/pool v0.2.1/go.mod h1:q8bcK0KcYlCgd9e7WYLm9LpyS+YeLd8JVDW6WezmKEw=
github.com/gobwas/ws v1.0.4 h1:5eXU1CZhpQdq5kXbKb+sECH5Ia5KiO6CYzIzdlVx6Bs=
github.com/gobwas/ws v1.0.4/go.mod h1:szmBTxLgaFppYjEmNtny/v3w89xOydFnnZMcgRRu/EM=
